
Microsoft Visual Studio Solution File, Format Version 12.00
# Visual Studio Version 16
VisualStudioVersion = 16.0.30611.23
MinimumVisualStudioVersion = 10.0.40219.1
Project("{2150E333-8FDC-42A3-9474-1A3956D46DE8}") = "Apps", "Apps", "{0A8D8888-A7C3-4D15-9F44-21B818C8A293}"
EndProject
Project("{9A19103F-16F7-4668-BE54-9A1E7A4F7556}") = "AuthenticatorWebApp", "Apps\AuthenticatorWebApp\AuthenticatorWebApp.csproj", "{1D45D69A-08F6-46F6-83D7-3A00740581F4}"
EndProject
Project("{2150E333-8FDC-42A3-9474-1A3956D46DE8}") = "Solution Items", "Solution Items", "{FD7D1DD1-59E6-48E5-9D10-169FBA1781E5}"
	ProjectSection(SolutionItems) = preProject
		Authenticator.ps1 = Authenticator.ps1
	EndProjectSection
EndProject
Project("{9A19103F-16F7-4668-BE54-9A1E7A4F7556}") = "AuthSetupConsoleApp", "Apps\AuthSetupConsoleApp\AuthSetupConsoleApp.csproj", "{7468F4B7-8218-46A4-ACC8-A575D9A42F35}"
EndProject
Project("{2150E333-8FDC-42A3-9474-1A3956D46DE8}") = "Internal", "Internal", "{DB0D009C-900F-4638-AA8C-E8A60BECF494}"
EndProject
Project("{2150E333-8FDC-42A3-9474-1A3956D46DE8}") = "Lib", "Lib", "{26740ACD-D56F-47F9-94DF-91C10D249CD6}"
EndProject
Project("{9A19103F-16F7-4668-BE54-9A1E7A4F7556}") = "AuthenticatorWebApp.Api", "Internal\AuthenticatorWebApp.Api\AuthenticatorWebApp.Api.csproj", "{ED39B57E-3C70-4550-8A23-25C4A441E586}"
EndProject
Project("{9A19103F-16F7-4668-BE54-9A1E7A4F7556}") = "AuthenticatorWebApp.ApiControllers", "Internal\AuthenticatorWebApp.ApiControllers\AuthenticatorWebApp.ApiControllers.csproj", "{A47F915F-5E9F-4A31-B2D0-47D2FB71B31E}"
EndProject
Project("{9A19103F-16F7-4668-BE54-9A1E7A4F7556}") = "XTI_AuthApi", "Internal\XTI_AuthApi\XTI_AuthApi.csproj", "{EF3EB5F1-7D5F-46C4-9322-B6CD93F3A3FC}"
EndProject
Project("{9A19103F-16F7-4668-BE54-9A1E7A4F7556}") = "AuthenticatorWebApp.Core", "Internal\AuthenticatorWebApp.Core\AuthenticatorWebApp.Core.csproj", "{E50FEF42-9B7D-4B78-AA34-8F71B6879EBE}"
EndProject
Project("{9A19103F-16F7-4668-BE54-9A1E7A4F7556}") = "AuthenticatorWebApp.Extensions", "Internal\AuthenticatorWebApp.Extensions\AuthenticatorWebApp.Extensions.csproj", "{ECEFCADE-2AA4-4551-AB7F-0388624DD14C}"
EndProject
Project("{2150E333-8FDC-42A3-9474-1A3956D46DE8}") = "Tests", "Tests", "{4F21E06D-1B5F-4B60-BAFD-44F16F36D2D9}"
EndProject
Project("{9A19103F-16F7-4668-BE54-9A1E7A4F7556}") = "AuthenticatorWebApp.Tests", "Tests\AuthenticatorWebApp.Tests\AuthenticatorWebApp.Tests.csproj", "{6AE50D13-27D9-4B23-B9AE-F78D3770F128}"
EndProject
Project("{9A19103F-16F7-4668-BE54-9A1E7A4F7556}") = "AuthApiGeneratorApp", "Apps\AuthApiGeneratorApp\AuthApiGeneratorApp.csproj", "{A02F3BD4-23DB-45CC-889B-9B9F2FA42130}"
EndProject
Project("{9A19103F-16F7-4668-BE54-9A1E7A4F7556}") = "XTI_AuthenticatorClient", "Lib\XTI_AuthenticatorClient\XTI_AuthenticatorClient.csproj", "{4C8069B2-E1FD-40E5-BD34-389FB8B81138}"
EndProject
Project("{9A19103F-16F7-4668-BE54-9A1E7A4F7556}") = "AuthenticatorWebApp.Fakes", "Internal\AuthenticatorWebApp.Fakes\AuthenticatorWebApp.Fakes.csproj", "{10C3F977-55D9-4213-A6E3-F1E444E8C0D4}"
EndProject
Project("{9A19103F-16F7-4668-BE54-9A1E7A4F7556}") = "AuthenticatorWebApp.EndToEndTests", "Tests\AuthenticatorWebApp.EndToEndTests\AuthenticatorWebApp.EndToEndTests.csproj", "{887010C4-F171-476D-AB72-B4B8B5529EF3}"
EndProject
Project("{9A19103F-16F7-4668-BE54-9A1E7A4F7556}") = "XTI_AuthenticatorClient.Extensions", "Lib\XTI_AuthenticatorClient.Extensions\XTI_AuthenticatorClient.Extensions.csproj", "{43D5BD86-FBD5-445E-B4AD-8EF64B90F378}"
EndProject
Global
	GlobalSection(SolutionConfigurationPlatforms) = preSolution
		Debug|Any CPU = Debug|Any CPU
		Release|Any CPU = Release|Any CPU
	EndGlobalSection
	GlobalSection(ProjectConfigurationPlatforms) = postSolution
		{1D45D69A-08F6-46F6-83D7-3A00740581F4}.Debug|Any CPU.ActiveCfg = Debug|Any CPU
		{1D45D69A-08F6-46F6-83D7-3A00740581F4}.Debug|Any CPU.Build.0 = Debug|Any CPU
		{1D45D69A-08F6-46F6-83D7-3A00740581F4}.Release|Any CPU.ActiveCfg = Release|Any CPU
		{1D45D69A-08F6-46F6-83D7-3A00740581F4}.Release|Any CPU.Build.0 = Release|Any CPU
		{7468F4B7-8218-46A4-ACC8-A575D9A42F35}.Debug|Any CPU.ActiveCfg = Debug|Any CPU
		{7468F4B7-8218-46A4-ACC8-A575D9A42F35}.Debug|Any CPU.Build.0 = Debug|Any CPU
		{7468F4B7-8218-46A4-ACC8-A575D9A42F35}.Release|Any CPU.ActiveCfg = Release|Any CPU
		{7468F4B7-8218-46A4-ACC8-A575D9A42F35}.Release|Any CPU.Build.0 = Release|Any CPU
		{ED39B57E-3C70-4550-8A23-25C4A441E586}.Debug|Any CPU.ActiveCfg = Debug|Any CPU
		{ED39B57E-3C70-4550-8A23-25C4A441E586}.Debug|Any CPU.Build.0 = Debug|Any CPU
		{ED39B57E-3C70-4550-8A23-25C4A441E586}.Release|Any CPU.ActiveCfg = Release|Any CPU
		{ED39B57E-3C70-4550-8A23-25C4A441E586}.Release|Any CPU.Build.0 = Release|Any CPU
		{A47F915F-5E9F-4A31-B2D0-47D2FB71B31E}.Debug|Any CPU.ActiveCfg = Debug|Any CPU
		{A47F915F-5E9F-4A31-B2D0-47D2FB71B31E}.Debug|Any CPU.Build.0 = Debug|Any CPU
		{A47F915F-5E9F-4A31-B2D0-47D2FB71B31E}.Release|Any CPU.ActiveCfg = Release|Any CPU
		{A47F915F-5E9F-4A31-B2D0-47D2FB71B31E}.Release|Any CPU.Build.0 = Release|Any CPU
		{EF3EB5F1-7D5F-46C4-9322-B6CD93F3A3FC}.Debug|Any CPU.ActiveCfg = Debug|Any CPU
		{EF3EB5F1-7D5F-46C4-9322-B6CD93F3A3FC}.Debug|Any CPU.Build.0 = Debug|Any CPU
		{EF3EB5F1-7D5F-46C4-9322-B6CD93F3A3FC}.Release|Any CPU.ActiveCfg = Release|Any CPU
		{EF3EB5F1-7D5F-46C4-9322-B6CD93F3A3FC}.Release|Any CPU.Build.0 = Release|Any CPU
		{E50FEF42-9B7D-4B78-AA34-8F71B6879EBE}.Debug|Any CPU.ActiveCfg = Debug|Any CPU
		{E50FEF42-9B7D-4B78-AA34-8F71B6879EBE}.Debug|Any CPU.Build.0 = Debug|Any CPU
		{E50FEF42-9B7D-4B78-AA34-8F71B6879EBE}.Release|Any CPU.ActiveCfg = Release|Any CPU
		{E50FEF42-9B7D-4B78-AA34-8F71B6879EBE}.Release|Any CPU.Build.0 = Release|Any CPU
		{ECEFCADE-2AA4-4551-AB7F-0388624DD14C}.Debug|Any CPU.ActiveCfg = Debug|Any CPU
		{ECEFCADE-2AA4-4551-AB7F-0388624DD14C}.Debug|Any CPU.Build.0 = Debug|Any CPU
		{ECEFCADE-2AA4-4551-AB7F-0388624DD14C}.Release|Any CPU.ActiveCfg = Release|Any CPU
		{ECEFCADE-2AA4-4551-AB7F-0388624DD14C}.Release|Any CPU.Build.0 = Release|Any CPU
		{6AE50D13-27D9-4B23-B9AE-F78D3770F128}.Debug|Any CPU.ActiveCfg = Debug|Any CPU
		{6AE50D13-27D9-4B23-B9AE-F78D3770F128}.Debug|Any CPU.Build.0 = Debug|Any CPU
		{6AE50D13-27D9-4B23-B9AE-F78D3770F128}.Release|Any CPU.ActiveCfg = Release|Any CPU
		{6AE50D13-27D9-4B23-B9AE-F78D3770F128}.Release|Any CPU.Build.0 = Release|Any CPU
		{A02F3BD4-23DB-45CC-889B-9B9F2FA42130}.Debug|Any CPU.ActiveCfg = Debug|Any CPU
		{A02F3BD4-23DB-45CC-889B-9B9F2FA42130}.Debug|Any CPU.Build.0 = Debug|Any CPU
		{A02F3BD4-23DB-45CC-889B-9B9F2FA42130}.Release|Any CPU.ActiveCfg = Release|Any CPU
		{A02F3BD4-23DB-45CC-889B-9B9F2FA42130}.Release|Any CPU.Build.0 = Release|Any CPU
		{4C8069B2-E1FD-40E5-BD34-389FB8B81138}.Debug|Any CPU.ActiveCfg = Debug|Any CPU
		{4C8069B2-E1FD-40E5-BD34-389FB8B81138}.Debug|Any CPU.Build.0 = Debug|Any CPU
		{4C8069B2-E1FD-40E5-BD34-389FB8B81138}.Release|Any CPU.ActiveCfg = Release|Any CPU
		{4C8069B2-E1FD-40E5-BD34-389FB8B81138}.Release|Any CPU.Build.0 = Release|Any CPU
		{10C3F977-55D9-4213-A6E3-F1E444E8C0D4}.Debug|Any CPU.ActiveCfg = Debug|Any CPU
		{10C3F977-55D9-4213-A6E3-F1E444E8C0D4}.Debug|Any CPU.Build.0 = Debug|Any CPU
		{10C3F977-55D9-4213-A6E3-F1E444E8C0D4}.Release|Any CPU.ActiveCfg = Release|Any CPU
		{10C3F977-55D9-4213-A6E3-F1E444E8C0D4}.Release|Any CPU.Build.0 = Release|Any CPU
		{887010C4-F171-476D-AB72-B4B8B5529EF3}.Debug|Any CPU.ActiveCfg = Debug|Any CPU
		{887010C4-F171-476D-AB72-B4B8B5529EF3}.Debug|Any CPU.Build.0 = Debug|Any CPU
		{887010C4-F171-476D-AB72-B4B8B5529EF3}.Release|Any CPU.ActiveCfg = Release|Any CPU
		{887010C4-F171-476D-AB72-B4B8B5529EF3}.Release|Any CPU.Build.0 = Release|Any CPU
		{43D5BD86-FBD5-445E-B4AD-8EF64B90F378}.Debug|Any CPU.ActiveCfg = Debug|Any CPU
		{43D5BD86-FBD5-445E-B4AD-8EF64B90F378}.Debug|Any CPU.Build.0 = Debug|Any CPU
		{43D5BD86-FBD5-445E-B4AD-8EF64B90F378}.Release|Any CPU.ActiveCfg = Release|Any CPU
		{43D5BD86-FBD5-445E-B4AD-8EF64B90F378}.Release|Any CPU.Build.0 = Release|Any CPU
	EndGlobalSection
	GlobalSection(SolutionProperties) = preSolution
		HideSolutionNode = FALSE
	EndGlobalSection
	GlobalSection(NestedProjects) = preSolution
		{1D45D69A-08F6-46F6-83D7-3A00740581F4} = {0A8D8888-A7C3-4D15-9F44-21B818C8A293}
		{7468F4B7-8218-46A4-ACC8-A575D9A42F35} = {0A8D8888-A7C3-4D15-9F44-21B818C8A293}
		{ED39B57E-3C70-4550-8A23-25C4A441E586} = {DB0D009C-900F-4638-AA8C-E8A60BECF494}
		{A47F915F-5E9F-4A31-B2D0-47D2FB71B31E} = {DB0D009C-900F-4638-AA8C-E8A60BECF494}
		{EF3EB5F1-7D5F-46C4-9322-B6CD93F3A3FC} = {DB0D009C-900F-4638-AA8C-E8A60BECF494}
		{E50FEF42-9B7D-4B78-AA34-8F71B6879EBE} = {DB0D009C-900F-4638-AA8C-E8A60BECF494}
		{ECEFCADE-2AA4-4551-AB7F-0388624DD14C} = {DB0D009C-900F-4638-AA8C-E8A60BECF494}
		{6AE50D13-27D9-4B23-B9AE-F78D3770F128} = {4F21E06D-1B5F-4B60-BAFD-44F16F36D2D9}
		{A02F3BD4-23DB-45CC-889B-9B9F2FA42130} = {0A8D8888-A7C3-4D15-9F44-21B818C8A293}
		{4C8069B2-E1FD-40E5-BD34-389FB8B81138} = {26740ACD-D56F-47F9-94DF-91C10D249CD6}
		{10C3F977-55D9-4213-A6E3-F1E444E8C0D4} = {DB0D009C-900F-4638-AA8C-E8A60BECF494}
		{887010C4-F171-476D-AB72-B4B8B5529EF3} = {4F21E06D-1B5F-4B60-BAFD-44F16F36D2D9}
		{43D5BD86-FBD5-445E-B4AD-8EF64B90F378} = {26740ACD-D56F-47F9-94DF-91C10D249CD6}
	EndGlobalSection
	GlobalSection(ExtensibilityGlobals) = postSolution
		SolutionGuid = {B0ACBF78-68E3-4EB1-9CED-44609166F8DC}
	EndGlobalSection
EndGlobal
